# This file is generated by running "yarn install" inside your project.
# Manual changes might be lost - proceed with caution!

__metadata:
  version: 8
  cacheKey: 10c0

"biskviit@npm:1.0.1":
  version: 1.0.1
  resolution: "biskviit@npm:1.0.1"
  dependencies:
    psl: "npm:^1.1.7"
  checksum: 10c0/25325ddeb1f7bacf34f33266a84a89dd370e082b63252be11827b1ccc4e371e55f45c13939719b5715dc4e4fb79f63795935f7f4532365c8de8940c46f29f863
  languageName: node
  linkType: hard

"encoding@npm:0.1.12":
  version: 0.1.12
  resolution: "encoding@npm:0.1.12"
  dependencies:
    iconv-lite: "npm:~0.4.13"
  checksum: 10c0/1d0daefb259fb0c97b90baa7f98ea9bb3916a1aef39e21c2888a1602fb616fcd422db6e6281839dc7ff32c1db7448bcd258954d37d4f0e5f1503357db0793ee6
  languageName: node
  linkType: hard

"fetch@npm:^1.1.0":
  version: 1.1.0
  resolution: "fetch@npm:1.1.0"
  dependencies:
    biskviit: "npm:1.0.1"
    encoding: "npm:0.1.12"
  checksum: 10c0/52689b6eb1dd5e8f6b8554a57dfb6e061fc0326d312c8a1296265bb8e7a8c022bc497e7d3e58f223ed36448a11b55f085156afb193e2b1da6231f328c26a8b3a
  languageName: node
  linkType: hard

"iconv-lite@npm:~0.4.13":
  version: 0.4.24
  resolution: "iconv-lite@npm:0.4.24"
  dependencies:
    safer-buffer: "npm:>= 2.1.2 < 3"
  checksum: 10c0/c6886a24cc00f2a059767440ec1bc00d334a89f250db8e0f7feb4961c8727118457e27c495ba94d082e51d3baca378726cd110aaf7ded8b9bbfd6a44760cf1d4
  languageName: node
  linkType: hard

"node-sandbox@workspace:.":
  version: 0.0.0-use.local
  resolution: "node-sandbox@workspace:."
  dependencies:
    fetch: "npm:^1.1.0"
    typescript: "npm:^5.5.4"
  languageName: unknown
  linkType: soft

"psl@npm:^1.1.7":
  version: 1.9.0
  resolution: "psl@npm:1.9.0"
  checksum: 10c0/6a3f805fdab9442f44de4ba23880c4eba26b20c8e8e0830eff1cb31007f6825dace61d17203c58bfe36946842140c97a1ba7f67bc63ca2d88a7ee052b65d97ab
  languageName: node
  linkType: hard

"safer-buffer@npm:>= 2.1.2 < 3":
  version: 2.1.2
  resolution: "safer-buffer@npm:2.1.2"
  checksum: 10c0/7e3c8b2e88a1841c9671094bbaeebd94448111dd90a81a1f606f3f67708a6ec57763b3b47f06da09fc6054193e0e6709e77325415dc8422b04497a8070fa02d4
  languageName: node
  linkType: hard

"typescript@npm:^5.5.4":
  version: 5.5.4
  resolution: "typescript@npm:5.5.4"
  bin:
    tsc: bin/tsc
    tsserver: bin/tsserver
  checksum: 10c0/422be60f89e661eab29ac488c974b6cc0a660fb2228003b297c3d10c32c90f3bcffc1009b43876a082515a3c376b1eefcce823d6e78982e6878408b9a923199c
  languageName: node
  linkType: hard

"typescript@patch:typescript@npm%3A^5.5.4#optional!builtin<compat/typescript>":
  version: 5.5.4
  resolution: "typescript@patch:typescript@npm%3A5.5.4#optional!builtin<compat/typescript>::version=5.5.4&hash=379a07"
  bin:
    tsc: bin/tsc
    tsserver: bin/tsserver
  checksum: 10c0/73409d7b9196a5a1217b3aaad929bf76294d3ce7d6e9766dd880ece296ee91cf7d7db6b16c6c6c630ee5096eccde726c0ef17c7dfa52b01a243e57ae1f09ef07
  languageName: node
  linkType: hard
